// !$*UTF8*$!
{
	archiveVersion = 1;
	classes = {
	};
	objectVersion = 50;
	objects = {

/* Begin PBXBuildFile section */
		E20450D024F1C77800C684E1 /* AppDelegate.swift in Sources */ = {isa = PBXBuildFile; fileRef = E20450CF24F1C77800C684E1 /* AppDelegate.swift */; };
		E20450D224F1C77800C684E1 /* SceneDelegate.swift in Sources */ = {isa = PBXBuildFile; fileRef = E20450D124F1C77800C684E1 /* SceneDelegate.swift */; };
		E20450D424F1C77800C684E1 /* ViewController.swift in Sources */ = {isa = PBXBuildFile; fileRef = E20450D324F1C77800C684E1 /* ViewController.swift */; };
		E20450D724F1C77800C684E1 /* Main.storyboard in Resources */ = {isa = PBXBuildFile; fileRef = E20450D524F1C77800C684E1 /* Main.storyboard */; };
		E20450D924F1C77A00C684E1 /* Assets.xcassets in Resources */ = {isa = PBXBuildFile; fileRef = E20450D824F1C77A00C684E1 /* Assets.xcassets */; };
		E20450DC24F1C77A00C684E1 /* LaunchScreen.storyboard in Resources */ = {isa = PBXBuildFile; fileRef = E20450DA24F1C77A00C684E1 /* LaunchScreen.storyboard */; };
		E295931C24F56C9200205E37 /* PhotoViewController.swift in Sources */ = {isa = PBXBuildFile; fileRef = E295931B24F56C9200205E37 /* PhotoViewController.swift */; };
		E2B4862F24F2E79400A762E3 /* myCustomDesignable.swift in Sources */ = {isa = PBXBuildFile; fileRef = E2B4862E24F2E79400A762E3 /* myCustomDesignable.swift */; };
/* End PBXBuildFile section */

/* Begin PBXFileReference section */
		E20450CC24F1C77800C684E1 /* linkedinReplica-ugozeal.app */ = {isa = PBXFileReference; explicitFileType = wrapper.application; includeInIndex = 0; path = "linkedinReplica-ugozeal.app"; sourceTree = BUILT_PRODUCTS_DIR; };
		E20450CF24F1C77800C684E1 /* AppDelegate.swift */ = {isa = PBXFileReference; lastKnownFileType = sourcecode.swift; path = AppDelegate.swift; sourceTree = "<group>"; };
		E20450D124F1C77800C684E1 /* SceneDelegate.swift */ = {isa = PBXFileReference; lastKnownFileType = sourcecode.swift; path = SceneDelegate.swift; sourceTree = "<group>"; };
		E20450D324F1C77800C684E1 /* ViewController.swift */ = {isa = PBXFileReference; lastKnownFileType = sourcecode.swift; path = ViewController.swift; sourceTree = "<group>"; };
		E20450D624F1C77800C684E1 /* Base */ = {isa = PBXFileReference; lastKnownFileType = file.storyboard; name = Base; path = Base.lproj/Main.storyboard; sourceTree = "<group>"; };
		E20450D824F1C77A00C684E1 /* Assets.xcassets */ = {isa = PBXFileReference; lastKnownFileType = folder.assetcatalog; path = Assets.xcassets; sourceTree = "<group>"; };
		E20450DB24F1C77A00C684E1 /* Base */ = {isa = PBXFileReference; lastKnownFileType = file.storyboard; name = Base; path = Base.lproj/LaunchScreen.storyboard; sourceTree = "<group>"; };
		E20450DD24F1C77A00C684E1 /* Info.plist */ = {isa = PBXFileReference; lastKnownFileType = text.plist.xml; path = Info.plist; sourceTree = "<group>"; };
		E295931B24F56C9200205E37 /* PhotoViewController.swift */ = {isa = PBXFileReference; lastKnownFileType = sourcecode.swift; path = PhotoViewController.swift; sourceTree = "<group>"; };
		E2B4862E24F2E79400A762E3 /* myCustomDesignable.swift */ = {isa = PBXFileReference; lastKnownFileType = sourcecode.swift; path = myCustomDesignable.swift; sourceTree = "<group>"; };
/* End PBXFileReference section */

/* Begin PBXFrameworksBuildPhase section */
		E20450C924F1C77800C684E1 /* Frameworks */ = {
			isa = PBXFrameworksBuildPhase;
			buildActionMask = 2147483647;
			files = (
			);
			runOnlyForDeploymentPostprocessing = 0;
		};
/* End PBXFrameworksBuildPhase section */

/* Begin PBXGroup section */
		E20450C324F1C77800C684E1 = {
			isa = PBXGroup;
			children = (
				E20450CE24F1C77800C684E1 /* linkedinReplica-ugozeal */,
				E20450CD24F1C77800C684E1 /* Products */,
			);
			sourceTree = "<group>";
		};
		E20450CD24F1C77800C684E1 /* Products */ = {
			isa = PBXGroup;
			children = (
				E20450CC24F1C77800C684E1 /* linkedinReplica-ugozeal.app */,
			);
			name = Products;
			sourceTree = "<group>";
		};
		E20450CE24F1C77800C684E1 /* linkedinReplica-ugozeal */ = {
			isa = PBXGroup;
			children = (
				E20450CF24F1C77800C684E1 /* AppDelegate.swift */,
				E20450D124F1C77800C684E1 /* SceneDelegate.swift */,
				E20450D324F1C77800C684E1 /* ViewController.swift */,
				E295931B24F56C9200205E37 /* PhotoViewController.swift */,
				E20450D524F1C77800C684E1 /* Main.storyboard */,
				E2B4862E24F2E79400A762E3 /* myCustomDesignable.swift */,
				E20450D824F1C77A00C684E1 /* Assets.xcassets */,
				E20450DA24F1C77A00C684E1 /* LaunchScreen.storyboard */,
				E20450DD24F1C77A00C684E1 /* Info.plist */,
			);
			path = "linkedinReplica-ugozeal";
			sourceTree = "<group>";
		};
/* End PBXGroup section */

/* Begin PBXNativeTarget section */
		E20450CB24F1C77800C684E1 /* linkedinReplica-ugozeal */ = {
			isa = PBXNativeTarget;
			buildConfigurationList = E20450E024F1C77A00C684E1 /* Build configuration list for PBXNativeTarget "linkedinReplica-ugozeal" */;
			buildPhases = (
				E20450C824F1C77800C684E1 /* Sources */,
				E20450C924F1C77800C684E1 /* Frameworks */,
				E20450CA24F1C77800C684E1 /* Resources */,
			);
			buildRules = (
			);
			dependencies = (
			);
			name = "linkedinReplica-ugozeal";
			productName = "linkedinReplica-ugozeal";
			productReference = E20450CC24F1C77800C684E1 /* linkedinReplica-ugozeal.app */;
			productType = "com.apple.product-type.application";
		};
/* End PBXNativeTarget section */

/* Begin PBXProject section */
		E20450C424F1C77800C684E1 /* Project object */ = {
			isa = PBXProject;
			attributes = {
				LastSwiftUpdateCheck = 1160;
				LastUpgradeCheck = 1160;
				ORGANIZATIONNAME = "Decagon HQ";
				TargetAttributes = {
					E20450CB24F1C77800C684E1 = {
						CreatedOnToolsVersion = 11.6;
					};
				};
			};
			buildConfigurationList = E20450C724F1C77800C684E1 /* Build configuration list for PBXProject "linkedinReplica-ugozeal" */;
			compatibilityVersion = "Xcode 9.3";
			developmentRegion = en;
			hasScannedForEncodings = 0;
			knownRegions = (
				en,
				Base,
			);
			mainGroup = E20450C324F1C77800C684E1;
			productRefGroup = E20450CD24F1C77800C684E1 /* Products */;
			projectDirPath = "";
			projectRoot = "";
			targets = (
				E20450CB24F1C77800C684E1 /* linkedinReplica-ugozeal */,
			);
		};
/* End PBXProject section */

/* Begin PBXResourcesBuildPhase section */
		E20450CA24F1C77800C684E1 /* Resources */ = {
			isa = PBXResourcesBuildPhase;
			buildActionMask = 2147483647;
			files = (
				E20450DC24F1C77A00C684E1 /* LaunchScreen.storyboard in Resources */,
				E20450D924F1C77A00C684E1 /* Assets.xcassets in Resources */,
				E20450D724F1C77800C684E1 /* Main.storyboard in Resources */,
			);
			runOnlyForDeploymentPostprocessing = 0;
		};
/* End PBXResourcesBuildPhase section */

/* Begin PBXSourcesBuildPhase section */
		E20450C824F1C77800C684E1 /* Sources */ = {
			isa = PBXSourcesBuildPhase;
			buildActionMask = 2147483647;
			files = (
				E20450D424F1C77800C684E1 /* ViewController.swift in Sources */,
				E20450D024F1C77800C684E1 /* AppDelegate.swift in Sources */,
				E295931C24F56C9200205E37 /* PhotoViewController.swift in Sources */,
				E2B4862F24F2E79400A762E3 /* myCustomDesignable.swift in Sources */,
				E20450D224F1C77800C684E1 /* SceneDelegate.swift in Sources */,
			);
			runOnlyForDeploymentPostprocessing = 0;
		};
/* End PBXSourcesBuildPhase section */

/* Begin PBXVariantGroup section */
		E20450D524F1C77800C684E1 /* Main.storyboard */ = {
			isa = PBXVariantGroup;
			children = (
				E20450D624F1C77800C684E1 /* Base */,
			);
			name = Main.storyboard;
			sourceTree = "<group>";
		};
		E20450DA24F1C77A00C684E1 /* LaunchScreen.storyboard */ = {
			isa = PBXVariantGroup;
			children = (
				E20450DB24F1C77A00C684E1 /* Base */,
			);
			name = LaunchScreen.storyboard;
			sourceTree = "<group>";
		};
/* End PBXVariantGroup section */

/* Begin XCBuildConfiguration section */
		E20450DE24F1C77A00C684E1 /* Debug */ = {
			isa = XCBuildConfiguration;
			buildSettings = {
				ALWAYS_SEARCH_USER_PATHS = NO;
				CLANG_ANALYZER_NONNULL = YES;
				CLANG_ANALYZER_NUMBER_OBJECT_CONVERSION = YES_AGGRESSIVE;
				CLANG_CXX_LANGUAGE_STANDARD = "gnu++14";
				CLANG_CXX_LIBRARY = "libc++";
				CLANG_ENABLE_MODULES = YES;
				CLANG_ENABLE_OBJC_ARC = YES;
				CLANG_ENABLE_OBJC_WEAK = YES;
				CLANG_WARN_BLOCK_CAPTURE_AUTORELEASING = YES;
				CLANG_WARN_BOOL_CONVERSION = YES;
				CLANG_WARN_COMMA = YES;
				CLANG_WARN_CONSTANT_CONVERSION = YES;
				CLANG_WARN_DEPRECATED_OBJC_IMPLEMENTATIONS = YES;
				CLANG_WARN_DIRECT_OBJC_ISA_USAGE = YES_ERROR;
				CLANG_WARN_DOCUMENTATION_COMMENTS = YES;
				CLANG_WARN_EMPTY_BODY = YES;
				CLANG_WARN_ENUM_CONVERSION = YES;
				CLANG_WARN_INFINITE_RECURSION = YES;
				CLANG_WARN_INT_CONVERSION = YES;
				CLANG_WARN_NON_LITERAL_NULL_CONVERSION = YES;
				CLANG_WARN_OBJC_IMPLICIT_RETAIN_SELF = YES;
				CLANG_WARN_OBJC_LITERAL_CONVERSION = YES;
				CLANG_WARN_OBJC_ROOT_CLASS = YES_ERROR;
				CLANG_WARN_RANGE_LOOP_ANALYSIS = YES;
				CLANG_WARN_STRICT_PROTOTYPES = YES;
				CLANG_WARN_SUSPICIOUS_MOVE = YES;
				CLANG_WARN_UNGUARDED_AVAILABILITY = YES_AGGRESSIVE;
				CLANG_WARN_UNREACHABLE_CODE = YES;
				CLANG_WARN__DUPLICATE_METHOD_MATCH = YES;
				COPY_PHASE_STRIP = NO;
				DEBUG_INFORMATION_FORMAT = dwarf;
				ENABLE_STRICT_OBJC_MSGSEND = YES;
				ENABLE_TESTABILITY = YES;
				GCC_C_LANGUAGE_STANDARD = gnu11;
				GCC_DYNAMIC_NO_PIC = NO;
				GCC_NO_COMMON_BLOCKS = YES;
				GCC_OPTIMIZATION_LEVEL = 0;
				GCC_PREPROCESSOR_DEFINITIONS = (
					"DEBUG=1",
					"$(inherited)",
				);
				GCC_WARN_64_TO_32_BIT_CONVERSION = YES;
				GCC_WARN_ABOUT_RETURN_TYPE = YES_ERROR;
				GCC_WARN_UNDECLARED_SELECTOR = YES;
				GCC_WARN_UNINITIALIZED_AUTOS = YES_AGGRESSIVE;
				GCC_WARN_UNUSED_FUNCTION = YES;
				GCC_WARN_UNUSED_VARIABLE = YES;
				IPHONEOS_DEPLOYMENT_TARGET = 13.6;
				MTL_ENABLE_DEBUG_INFO = INCLUDE_SOURCE;
				MTL_FAST_MATH = YES;
				ONLY_ACTIVE_ARCH = YES;
				SDKROOT = iphoneos;
				SWIFT_ACTIVE_COMPILATION_CONDITIONS = DEBUG;
				SWIFT_OPTIMIZATION_LEVEL = "-Onone";
			};
			name = Debug;
		};
		E20450DF24F1C77A00C684E1 /* Release */ = {
			isa = XCBuildConfiguration;
			buildSettings = {
				ALWAYS_SEARCH_USER_PATHS = NO;
				CLANG_ANALYZER_NONNULL = YES;
				CLANG_ANALYZER_NUMBER_OBJECT_CONVERSION = YES_AGGRESSIVE;
				CLANG_CXX_LANGUAGE_STANDARD = "gnu++14";
				CLANG_CXX_LIBRARY = "libc++";
				CLANG_ENABLE_MODULES = YES;
				CLANG_ENABLE_OBJC_ARC = YES;
				CLANG_ENABLE_OBJC_WEAK = YES;
				CLANG_WARN_BLOCK_CAPTURE_AUTORELEASING = YES;
				CLANG_WARN_BOOL_CONVERSION = YES;
				CLANG_WARN_COMMA = YES;
				CLANG_WARN_CONSTANT_CONVERSION = YES;
				CLANG_WARN_DEPRECATED_OBJC_IMPLEMENTATIONS = YES;
				CLANG_WARN_DIRECT_OBJC_ISA_USAGE = YES_ERROR;
				CLANG_WARN_DOCUMENTATION_COMMENTS = YES;
				CLANG_WARN_EMPTY_BODY = YES;
				CLANG_WARN_ENUM_CONVERSION = YES;
				CLANG_WARN_INFINITE_RECURSION = YES;
				CLANG_WARN_INT_CONVERSION = YES;
				CLANG_WARN_NON_LITERAL_NULL_CONVERSION = YES;
				CLANG_WARN_OBJC_IMPLICIT_RETAIN_SELF = YES;
				CLANG_WARN_OBJC_LITERAL_CONVERSION = YES;
				CLANG_WARN_OBJC_ROOT_CLASS = YES_ERROR;
				CLANG_WARN_RANGE_LOOP_ANALYSIS = YES;
				CLANG_WARN_STRICT_PROTOTYPES = YES;
				CLANG_WARN_SUSPICIOUS_MOVE = YES;
				CLANG_WARN_UNGUARDED_AVAILABILITY = YES_AGGRESSIVE;
				CLANG_WARN_UNREACHABLE_CODE = YES;
				CLANG_WARN__DUPLICATE_METHOD_MATCH = YES;
				COPY_PHASE_STRIP = NO;
				DEBUG_INFORMATION_FORMAT = "dwarf-with-dsym";
				ENABLE_NS_ASSERTIONS = NO;
				ENABLE_STRICT_OBJC_MSGSEND = YES;
				GCC_C_LANGUAGE_STANDARD = gnu11;
				GCC_NO_COMMON_BLOCKS = YES;
				GCC_WARN_64_TO_32_BIT_CONVERSION = YES;
				GCC_WARN_ABOUT_RETURN_TYPE = YES_ERROR;
				GCC_WARN_UNDECLARED_SELECTOR = YES;
				GCC_WARN_UNINITIALIZED_AUTOS = YES_AGGRESSIVE;
				GCC_WARN_UNUSED_FUNCTION = YES;
				GCC_WARN_UNUSED_VARIABLE = YES;
				IPHONEOS_DEPLOYMENT_TARGET = 13.6;
				MTL_ENABLE_DEBUG_INFO = NO;
				MTL_FAST_MATH = YES;
				SDKROOT = iphoneos;
				SWIFT_COMPILATION_MODE = wholemodule;
				SWIFT_OPTIMIZATION_LEVEL = "-O";
				VALIDATE_PRODUCT = YES;
			};
			name = Release;
		};
		E20450E124F1C77A00C684E1 /* Debug */ = {
			isa = XCBuildConfiguration;
			buildSettings = {
				ASSETCATALOG_COMPILER_APPICON_NAME = AppIcon;
				CODE_SIGN_STYLE = Automatic;
				INFOPLIST_FILE = "linkedinReplica-ugozeal/Info.plist";
				LD_RUNPATH_SEARCH_PATHS = (
					"$(inherited)",
					"@executable_path/Frameworks",
				);
				PRODUCT_BUNDLE_IDENTIFIER = "com.decagonhq.linkedinReplica-ugozeal";
				PRODUCT_NAME = "$(TARGET_NAME)";
				SWIFT_VERSION = 5.0;
				TARGETED_DEVICE_FAMILY = "1,2";
			};
			name = Debug;
		};
		E20450E224F1C77A00C684E1 /* Release */ = {
			isa = XCBuildConfiguration;
			buildSettings = {
				ASSETCATALOG_COMPILER_APPICON_NAME = AppIcon;
				CODE_SIGN_STYLE = Automatic;
				INFOPLIST_FILE = "linkedinReplica-ugozeal/Info.plist";
				LD_RUNPATH_SEARCH_PATHS = (
					"$(inherited)",
					"@executable_path/Frameworks",
				);
				PRODUCT_BUNDLE_IDENTIFIER = "com.decagonhq.linkedinReplica-ugozeal";
				PRODUCT_NAME = "$(TARGET_NAME)";
				SWIFT_VERSION = 5.0;
				TARGETED_DEVICE_FAMILY = "1,2";
			};
			name = Release;
		};
/* End XCBuildConfiguration section */

/* Begin XCConfigurationList section */
		E20450C724F1C77800C684E1 /* Build configuration list for PBXProject "linkedinReplica-ugozeal" */ = {
			isa = XCConfigurationList;
			buildConfigurations = (
				E20450DE24F1C77A00C684E1 /* Debug */,
				E20450DF24F1C77A00C684E1 /* Release */,
			);
			defaultConfigurationIsVisible = 0;
			defaultConfigurationName = Release;
		};
		E20450E024F1C77A00C684E1 /* Build configuration list for PBXNativeTarget "linkedinReplica-ugozeal" */ = {
			isa = XCConfigurationList;
			buildConfigurations = (
				E20450E124F1C77A00C684E1 /* Debug */,
				E20450E224F1C77A00C684E1 /* Release */,
			);
			defaultConfigurationIsVisible = 0;
			defaultConfigurationName = Release;
		};
/* End XCConfigurationList section */
	};
	rootObject = E20450C424F1C77800C684E1 /* Project object */;
}
